<?xml version="1.0" encoding="UTF-8"?>
<Scheme
   version = "1.3">
   <BuildAction>
      <BuildActionEntries>
         <BuildActionEntry
            buildForRunning = "YES">
            <BuildableReference
               BuildableIdentifier = "primary"
               BlueprintIdentifier = "386943F726B5950900B65E02"
               BuildableName = "IOSDev_werkstuk1.app"
               BlueprintName = "IOSDev_werkstuk1"
               ReferencedContainer = "container:IOSDev_werkstuk1.xcodeproj">
            </BuildableReference>
         </BuildActionEntry>
      </BuildActionEntries>
   </BuildAction>
   <LaunchAction
      useCustomWorkingDirectory = "NO"
      buildConfiguration = "Debug"
      allowLocationSimulation = "YES">
      <BuildableProductRunnable>
         <BuildableReference
            BuildableIdentifier = "primary"
            BlueprintIdentifier = "386943F726B5950900B65E02"
            BuildableName = "IOSDev_werkstuk1.app"
            BlueprintName = "IOSDev_werkstuk1"
            ReferencedContainer = "container:IOSDev_werkstuk1.xcodeproj">
         </BuildableReference>
      </BuildableProductRunnable>
   </LaunchAction>
</Scheme>
